
Microsoft Visual Studio Solution File, Format Version 12.00
# Visual Studio Version 17
VisualStudioVersion = 17.2.32526.322
MinimumVisualStudioVersion = 10.0.40219.1
Project("{FAE04EC0-301F-11D3-BF4B-00C04F79EFBC}") = "IndexerDemo", "IndexerDemo\IndexerDemo.csproj", "{B541A109-28C7-4C18-A12F-BA7B1B9197B1}"
EndProject
Global
	GlobalSection(SolutionConfigurationPlatforms) = preSolution
		Debug|Any CPU = Debug|Any CPU
		Release|Any CPU = Release|Any CPU
	EndGlobalSection
	GlobalSection(ProjectConfigurationPlatforms) = postSolution
		{B541A109-28C7-4C18-A12F-BA7B1B9197B1}.Debug|Any CPU.ActiveCfg = Debug|Any CPU
		{B541A109-28C7-4C18-A12F-BA7B1B9197B1}.Debug|Any CPU.Build.0 = Debug|Any CPU
		{B541A109-28C7-4C18-A12F-BA7B1B9197B1}.Release|Any CPU.ActiveCfg = Release|Any CPU
		{B541A109-28C7-4C18-A12F-BA7B1B9197B1}.Release|Any CPU.Build.0 = Release|Any CPU
	EndGlobalSection
	GlobalSection(SolutionProperties) = preSolution
		HideSolutionNode = FALSE
	EndGlobalSection
	GlobalSection(ExtensibilityGlobals) = postSolution
		SolutionGuid = {749F23B7-A567-4751-A83E-AAB83DC60F05}
	EndGlobalSection
EndGlobal
